
Microsoft Visual Studio Solution File, Format Version 12.00
# Visual Studio Version 17
VisualStudioVersion = 17.0.31903.59
MinimumVisualStudioVersion = 10.0.40219.1
Project("{2150E333-8FDC-42A3-9474-1A3956D46DE8}") = "NetCoreAPI.Mongodb", "NetCoreAPI.Mongodb", "{F6676A13-59C8-4510-BF74-9952EED08A32}"
EndProject
Project("{9A19103F-16F7-4668-BE54-9A1E7A4F7556}") = "NetCoreAPI-Mongodb", "NetCoreAPI-Mongodb\NetCoreAPI-Mongodb.csproj", "{B3FB7F3A-2B74-49A5-B277-ACB9660F53B2}"
EndProject
Project("{2150E333-8FDC-42A3-9474-1A3956D46DE8}") = "Infrastucture", "Infrastucture", "{C6E6B51D-E7AC-4709-8FF0-FF1FA33251E9}"
EndProject
Project("{9A19103F-16F7-4668-BE54-9A1E7A4F7556}") = "Infrastucture", "Infrastucture\Infrastucture.csproj", "{7CEEA85A-71AD-44B3-AE22-158094EE06A1}"
EndProject
Project("{FAE04EC0-301F-11D3-BF4B-00C04F79EFBC}") = "Domain", "Domain\Domain.csproj", "{F55BDB17-EA72-4AA7-A144-5BF421183898}"
EndProject
Project("{2150E333-8FDC-42A3-9474-1A3956D46DE8}") = "Common", "Common", "{ED7E3908-C4C2-42A7-A6D8-624D6D93D316}"
EndProject
Project("{FAE04EC0-301F-11D3-BF4B-00C04F79EFBC}") = "Common", "Common\Common.csproj", "{0B290660-FEE3-4868-831E-0230EA31D034}"
EndProject
Project("{FAE04EC0-301F-11D3-BF4B-00C04F79EFBC}") = "Services", "Services\Services.csproj", "{A3E8A00C-0C4C-43D0-B32B-2DB22ABB0262}"
EndProject
Project("{2150E333-8FDC-42A3-9474-1A3956D46DE8}") = "xUnitTest", "xUnitTest", "{84430EEB-A5D3-4F4D-B335-B0FD6725CF67}"
EndProject
Project("{FAE04EC0-301F-11D3-BF4B-00C04F79EFBC}") = "NetCoreAPI-Test", "NetCoreAPI-Test\NetCoreAPI-Test.csproj", "{AF372438-E53C-45ED-8EA3-E5F2277C5D3E}"
EndProject
Project("{FAE04EC0-301F-11D3-BF4B-00C04F79EFBC}") = "HandlerRequest", "MediatR\HandlerRequest.csproj", "{67FDA5C3-CB06-4AAE-8D94-AA94964D0E88}"
EndProject
Global
	GlobalSection(SolutionConfigurationPlatforms) = preSolution
		Debug|Any CPU = Debug|Any CPU
		Release|Any CPU = Release|Any CPU
	EndGlobalSection
	GlobalSection(ProjectConfigurationPlatforms) = postSolution
		{B3FB7F3A-2B74-49A5-B277-ACB9660F53B2}.Debug|Any CPU.ActiveCfg = Debug|Any CPU
		{B3FB7F3A-2B74-49A5-B277-ACB9660F53B2}.Debug|Any CPU.Build.0 = Debug|Any CPU
		{B3FB7F3A-2B74-49A5-B277-ACB9660F53B2}.Release|Any CPU.ActiveCfg = Release|Any CPU
		{B3FB7F3A-2B74-49A5-B277-ACB9660F53B2}.Release|Any CPU.Build.0 = Release|Any CPU
		{7CEEA85A-71AD-44B3-AE22-158094EE06A1}.Debug|Any CPU.ActiveCfg = Debug|Any CPU
		{7CEEA85A-71AD-44B3-AE22-158094EE06A1}.Debug|Any CPU.Build.0 = Debug|Any CPU
		{7CEEA85A-71AD-44B3-AE22-158094EE06A1}.Release|Any CPU.ActiveCfg = Release|Any CPU
		{7CEEA85A-71AD-44B3-AE22-158094EE06A1}.Release|Any CPU.Build.0 = Release|Any CPU
		{F55BDB17-EA72-4AA7-A144-5BF421183898}.Debug|Any CPU.ActiveCfg = Debug|Any CPU
		{F55BDB17-EA72-4AA7-A144-5BF421183898}.Debug|Any CPU.Build.0 = Debug|Any CPU
		{F55BDB17-EA72-4AA7-A144-5BF421183898}.Release|Any CPU.ActiveCfg = Release|Any CPU
		{F55BDB17-EA72-4AA7-A144-5BF421183898}.Release|Any CPU.Build.0 = Release|Any CPU
		{0B290660-FEE3-4868-831E-0230EA31D034}.Debug|Any CPU.ActiveCfg = Debug|Any CPU
		{0B290660-FEE3-4868-831E-0230EA31D034}.Debug|Any CPU.Build.0 = Debug|Any CPU
		{0B290660-FEE3-4868-831E-0230EA31D034}.Release|Any CPU.ActiveCfg = Release|Any CPU
		{0B290660-FEE3-4868-831E-0230EA31D034}.Release|Any CPU.Build.0 = Release|Any CPU
		{A3E8A00C-0C4C-43D0-B32B-2DB22ABB0262}.Debug|Any CPU.ActiveCfg = Debug|Any CPU
		{A3E8A00C-0C4C-43D0-B32B-2DB22ABB0262}.Debug|Any CPU.Build.0 = Debug|Any CPU
		{A3E8A00C-0C4C-43D0-B32B-2DB22ABB0262}.Release|Any CPU.ActiveCfg = Release|Any CPU
		{A3E8A00C-0C4C-43D0-B32B-2DB22ABB0262}.Release|Any CPU.Build.0 = Release|Any CPU
		{AF372438-E53C-45ED-8EA3-E5F2277C5D3E}.Debug|Any CPU.ActiveCfg = Debug|Any CPU
		{AF372438-E53C-45ED-8EA3-E5F2277C5D3E}.Debug|Any CPU.Build.0 = Debug|Any CPU
		{AF372438-E53C-45ED-8EA3-E5F2277C5D3E}.Release|Any CPU.ActiveCfg = Release|Any CPU
		{AF372438-E53C-45ED-8EA3-E5F2277C5D3E}.Release|Any CPU.Build.0 = Release|Any CPU
		{67FDA5C3-CB06-4AAE-8D94-AA94964D0E88}.Debug|Any CPU.ActiveCfg = Debug|Any CPU
		{67FDA5C3-CB06-4AAE-8D94-AA94964D0E88}.Debug|Any CPU.Build.0 = Debug|Any CPU
		{67FDA5C3-CB06-4AAE-8D94-AA94964D0E88}.Release|Any CPU.ActiveCfg = Release|Any CPU
		{67FDA5C3-CB06-4AAE-8D94-AA94964D0E88}.Release|Any CPU.Build.0 = Release|Any CPU
	EndGlobalSection
	GlobalSection(SolutionProperties) = preSolution
		HideSolutionNode = FALSE
	EndGlobalSection
	GlobalSection(NestedProjects) = preSolution
		{B3FB7F3A-2B74-49A5-B277-ACB9660F53B2} = {F6676A13-59C8-4510-BF74-9952EED08A32}
		{7CEEA85A-71AD-44B3-AE22-158094EE06A1} = {C6E6B51D-E7AC-4709-8FF0-FF1FA33251E9}
		{F55BDB17-EA72-4AA7-A144-5BF421183898} = {C6E6B51D-E7AC-4709-8FF0-FF1FA33251E9}
		{0B290660-FEE3-4868-831E-0230EA31D034} = {ED7E3908-C4C2-42A7-A6D8-624D6D93D316}
		{A3E8A00C-0C4C-43D0-B32B-2DB22ABB0262} = {C6E6B51D-E7AC-4709-8FF0-FF1FA33251E9}
		{AF372438-E53C-45ED-8EA3-E5F2277C5D3E} = {84430EEB-A5D3-4F4D-B335-B0FD6725CF67}
		{67FDA5C3-CB06-4AAE-8D94-AA94964D0E88} = {F6676A13-59C8-4510-BF74-9952EED08A32}
	EndGlobalSection
	GlobalSection(ExtensibilityGlobals) = postSolution
		SolutionGuid = {65D12F7F-D998-4798-87B9-735C0E1016FC}
	EndGlobalSection
EndGlobal
